
Microsoft Visual Studio Solution File, Format Version 12.00
# Visual Studio 15
VisualStudioVersion = 15.0.26430.6
MinimumVisualStudioVersion = 10.0.40219.1
Project("{FAE04EC0-301F-11D3-BF4B-00C04F79EFBC}") = "CheckPairOfStringIsCorrectOrNot", "CheckPairOfStringIsCorrectOrNot\CheckPairOfStringIsCorrectOrNot.csproj", "{39AC415E-AC7B-4A07-A55F-982E3079FBEC}"
EndProject
Global
	GlobalSection(SolutionConfigurationPlatforms) = preSolution
		Debug|Any CPU = Debug|Any CPU
		Release|Any CPU = Release|Any CPU
	EndGlobalSection
	GlobalSection(ProjectConfigurationPlatforms) = postSolution
		{39AC415E-AC7B-4A07-A55F-982E3079FBEC}.Debug|Any CPU.ActiveCfg = Debug|Any CPU
		{39AC415E-AC7B-4A07-A55F-982E3079FBEC}.Debug|Any CPU.Build.0 = Debug|Any CPU
		{39AC415E-AC7B-4A07-A55F-982E3079FBEC}.Release|Any CPU.ActiveCfg = Release|Any CPU
		{39AC415E-AC7B-4A07-A55F-982E3079FBEC}.Release|Any CPU.Build.0 = Release|Any CPU
	EndGlobalSection
	GlobalSection(SolutionProperties) = preSolution
		HideSolutionNode = FALSE
	EndGlobalSection
EndGlobal
